// !$*UTF8*$!
{
	archiveVersion = 1;
	classes = {
	};
	objectVersion = 50;
	objects = {

/* Begin PBXBuildFile section */
		C767D57023BE55BA00B61A37 /* AppDelegate.swift in Sources */ = {isa = PBXBuildFile; fileRef = C767D56F23BE55BA00B61A37 /* AppDelegate.swift */; };
		C767D57223BE55BA00B61A37 /* SceneDelegate.swift in Sources */ = {isa = PBXBuildFile; fileRef = C767D57123BE55BA00B61A37 /* SceneDelegate.swift */; };
		C767D57423BE55BA00B61A37 /* ContentView.swift in Sources */ = {isa = PBXBuildFile; fileRef = C767D57323BE55BA00B61A37 /* ContentView.swift */; };
		C767D57623BE55BB00B61A37 /* Assets.xcassets in Resources */ = {isa = PBXBuildFile; fileRef = C767D57523BE55BB00B61A37 /* Assets.xcassets */; };
		C767D57923BE55BB00B61A37 /* Preview Assets.xcassets in Resources */ = {isa = PBXBuildFile; fileRef = C767D57823BE55BB00B61A37 /* Preview Assets.xcassets */; };
		C767D57C23BE55BB00B61A37 /* LaunchScreen.storyboard in Resources */ = {isa = PBXBuildFile; fileRef = C767D57A23BE55BB00B61A37 /* LaunchScreen.storyboard */; };
/* End PBXBuildFile section */

/* Begin PBXFileReference section */
		C767D56C23BE55BA00B61A37 /* CalculatorSwiftUILBTA.app */ = {isa = PBXFileReference; explicitFileType = wrapper.application; includeInIndex = 0; path = CalculatorSwiftUILBTA.app; sourceTree = BUILT_PRODUCTS_DIR; };
		C767D56F23BE55BA00B61A37 /* AppDelegate.swift */ = {isa = PBXFileReference; lastKnownFileType = sourcecode.swift; path = AppDelegate.swift; sourceTree = "<group>"; };
		C767D57123BE55BA00B61A37 /* SceneDelegate.swift */ = {isa = PBXFileReference; lastKnownFileType = sourcecode.swift; path = SceneDelegate.swift; sourceTree = "<group>"; };
		C767D57323BE55BA00B61A37 /* ContentView.swift */ = {isa = PBXFileReference; lastKnownFileType = sourcecode.swift; path = ContentView.swift; sourceTree = "<group>"; };
		C767D57523BE55BB00B61A37 /* Assets.xcassets */ = {isa = PBXFileReference; lastKnownFileType = folder.assetcatalog; path = Assets.xcassets; sourceTree = "<group>"; };
		C767D57823BE55BB00B61A37 /* Preview Assets.xcassets */ = {isa = PBXFileReference; lastKnownFileType = folder.assetcatalog; path = "Preview Assets.xcassets"; sourceTree = "<group>"; };
		C767D57B23BE55BB00B61A37 /* Base */ = {isa = PBXFileReference; lastKnownFileType = file.storyboard; name = Base; path = Base.lproj/LaunchScreen.storyboard; sourceTree = "<group>"; };
		C767D57D23BE55BB00B61A37 /* Info.plist */ = {isa = PBXFileReference; lastKnownFileType = text.plist.xml; path = Info.plist; sourceTree = "<group>"; };
/* End PBXFileReference section */

/* Begin PBXFrameworksBuildPhase section */
		C767D56923BE55BA00B61A37 /* Frameworks */ = {
			isa = PBXFrameworksBuildPhase;
			buildActionMask = 2147483647;
			files = (
			);
			runOnlyForDeploymentPostprocessing = 0;
		};
/* End PBXFrameworksBuildPhase section */

/* Begin PBXGroup section */
		C767D56323BE55BA00B61A37 = {
			isa = PBXGroup;
			children = (
				C767D56E23BE55BA00B61A37 /* CalculatorSwiftUILBTA */,
				C767D56D23BE55BA00B61A37 /* Products */,
			);
			sourceTree = "<group>";
		};
		C767D56D23BE55BA00B61A37 /* Products */ = {
			isa = PBXGroup;
			children = (
				C767D56C23BE55BA00B61A37 /* CalculatorSwiftUILBTA.app */,
			);
			name = Products;
			sourceTree = "<group>";
		};
		C767D56E23BE55BA00B61A37 /* CalculatorSwiftUILBTA */ = {
			isa = PBXGroup;
			children = (
				C767D56F23BE55BA00B61A37 /* AppDelegate.swift */,
				C767D57123BE55BA00B61A37 /* SceneDelegate.swift */,
				C767D57323BE55BA00B61A37 /* ContentView.swift */,
				C767D57523BE55BB00B61A37 /* Assets.xcassets */,
				C767D57A23BE55BB00B61A37 /* LaunchScreen.storyboard */,
				C767D57D23BE55BB00B61A37 /* Info.plist */,
				C767D57723BE55BB00B61A37 /* Preview Content */,
			);
			path = CalculatorSwiftUILBTA;
			sourceTree = "<group>";
		};
		C767D57723BE55BB00B61A37 /* Preview Content */ = {
			isa = PBXGroup;
			children = (
				C767D57823BE55BB00B61A37 /* Preview Assets.xcassets */,
			);
			path = "Preview Content";
			sourceTree = "<group>";
		};
/* End PBXGroup section */

/* Begin PBXNativeTarget section */
		C767D56B23BE55BA00B61A37 /* CalculatorSwiftUILBTA */ = {
			isa = PBXNativeTarget;
			buildConfigurationList = C767D58023BE55BB00B61A37 /* Build configuration list for PBXNativeTarget "CalculatorSwiftUILBTA" */;
			buildPhases = (
				C767D56823BE55BA00B61A37 /* Sources */,
				C767D56923BE55BA00B61A37 /* Frameworks */,
				C767D56A23BE55BA00B61A37 /* Resources */,
			);
			buildRules = (
			);
			dependencies = (
			);
			name = CalculatorSwiftUILBTA;
			productName = CalculatorSwiftUILBTA;
			productReference = C767D56C23BE55BA00B61A37 /* CalculatorSwiftUILBTA.app */;
			productType = "com.apple.product-type.application";
		};
/* End PBXNativeTarget section */

/* Begin PBXProject section */
		C767D56423BE55BA00B61A37 /* Project object */ = {
			isa = PBXProject;
			attributes = {
				LastSwiftUpdateCheck = 1130;
				LastUpgradeCheck = 1130;
				ORGANIZATIONNAME = "Lets Build That App";
				TargetAttributes = {
					C767D56B23BE55BA00B61A37 = {
						CreatedOnToolsVersion = 11.3;
					};
				};
			};
			buildConfigurationList = C767D56723BE55BA00B61A37 /* Build configuration list for PBXProject "CalculatorSwiftUILBTA" */;
			compatibilityVersion = "Xcode 9.3";
			developmentRegion = en;
			hasScannedForEncodings = 0;
			knownRegions = (
				en,
				Base,
			);
			mainGroup = C767D56323BE55BA00B61A37;
			productRefGroup = C767D56D23BE55BA00B61A37 /* Products */;
			projectDirPath = "";
			projectRoot = "";
			targets = (
				C767D56B23BE55BA00B61A37 /* CalculatorSwiftUILBTA */,
			);
		};
/* End PBXProject section */

/* Begin PBXResourcesBuildPhase section */
		C767D56A23BE55BA00B61A37 /* Resources */ = {
			isa = PBXResourcesBuildPhase;
			buildActionMask = 2147483647;
			files = (
				C767D57C23BE55BB00B61A37 /* LaunchScreen.storyboard in Resources */,
				C767D57923BE55BB00B61A37 /* Preview Assets.xcassets in Resources */,
				C767D57623BE55BB00B61A37 /* Assets.xcassets in Resources */,
			);
			runOnlyForDeploymentPostprocessing = 0;
		};
/* End PBXResourcesBuildPhase section */

/* Begin PBXSourcesBuildPhase section */
		C767D56823BE55BA00B61A37 /* Sources */ = {
			isa = PBXSourcesBuildPhase;
			buildActionMask = 2147483647;
			files = (
				C767D57023BE55BA00B61A37 /* AppDelegate.swift in Sources */,
				C767D57223BE55BA00B61A37 /* SceneDelegate.swift in Sources */,
				C767D57423BE55BA00B61A37 /* ContentView.swift in Sources */,
			);
			runOnlyForDeploymentPostprocessing = 0;
		};
/* End PBXSourcesBuildPhase section */

/* Begin PBXVariantGroup section */
		C767D57A23BE55BB00B61A37 /* LaunchScreen.storyboard */ = {
			isa = PBXVariantGroup;
			children = (
				C767D57B23BE55BB00B61A37 /* Base */,
			);
			name = LaunchScreen.storyboard;
			sourceTree = "<group>";
		};
/* End PBXVariantGroup section */

/* Begin XCBuildConfiguration section */
		C767D57E23BE55BB00B61A37 /* Debug */ = {
			isa = XCBuildConfiguration;
			buildSettings = {
				ALWAYS_SEARCH_USER_PATHS = NO;
				CLANG_ANALYZER_NONNULL = YES;
				CLANG_ANALYZER_NUMBER_OBJECT_CONVERSION = YES_AGGRESSIVE;
				CLANG_CXX_LANGUAGE_STANDARD = "gnu++14";
				CLANG_CXX_LIBRARY = "libc++";
				CLANG_ENABLE_MODULES = YES;
				CLANG_ENABLE_OBJC_ARC = YES;
				CLANG_ENABLE_OBJC_WEAK = YES;
				CLANG_WARN_BLOCK_CAPTURE_AUTORELEASING = YES;
				CLANG_WARN_BOOL_CONVERSION = YES;
				CLANG_WARN_COMMA = YES;
				CLANG_WARN_CONSTANT_CONVERSION = YES;
				CLANG_WARN_DEPRECATED_OBJC_IMPLEMENTATIONS = YES;
				CLANG_WARN_DIRECT_OBJC_ISA_USAGE = YES_ERROR;
				CLANG_WARN_DOCUMENTATION_COMMENTS = YES;
				CLANG_WARN_EMPTY_BODY = YES;
				CLANG_WARN_ENUM_CONVERSION = YES;
				CLANG_WARN_INFINITE_RECURSION = YES;
				CLANG_WARN_INT_CONVERSION = YES;
				CLANG_WARN_NON_LITERAL_NULL_CONVERSION = YES;
				CLANG_WARN_OBJC_IMPLICIT_RETAIN_SELF = YES;
				CLANG_WARN_OBJC_LITERAL_CONVERSION = YES;
				CLANG_WARN_OBJC_ROOT_CLASS = YES_ERROR;
				CLANG_WARN_RANGE_LOOP_ANALYSIS = YES;
				CLANG_WARN_STRICT_PROTOTYPES = YES;
				CLANG_WARN_SUSPICIOUS_MOVE = YES;
				CLANG_WARN_UNGUARDED_AVAILABILITY = YES_AGGRESSIVE;
				CLANG_WARN_UNREACHABLE_CODE = YES;
				CLANG_WARN__DUPLICATE_METHOD_MATCH = YES;
				COPY_PHASE_STRIP = NO;
				DEBUG_INFORMATION_FORMAT = dwarf;
				ENABLE_STRICT_OBJC_MSGSEND = YES;
				ENABLE_TESTABILITY = YES;
				GCC_C_LANGUAGE_STANDARD = gnu11;
				GCC_DYNAMIC_NO_PIC = NO;
				GCC_NO_COMMON_BLOCKS = YES;
				GCC_OPTIMIZATION_LEVEL = 0;
				GCC_PREPROCESSOR_DEFINITIONS = (
					"DEBUG=1",
					"$(inherited)",
				);
				GCC_WARN_64_TO_32_BIT_CONVERSION = YES;
				GCC_WARN_ABOUT_RETURN_TYPE = YES_ERROR;
				GCC_WARN_UNDECLARED_SELECTOR = YES;
				GCC_WARN_UNINITIALIZED_AUTOS = YES_AGGRESSIVE;
				GCC_WARN_UNUSED_FUNCTION = YES;
				GCC_WARN_UNUSED_VARIABLE = YES;
				IPHONEOS_DEPLOYMENT_TARGET = 13.2;
				MTL_ENABLE_DEBUG_INFO = INCLUDE_SOURCE;
				MTL_FAST_MATH = YES;
				ONLY_ACTIVE_ARCH = YES;
				SDKROOT = iphoneos;
				SWIFT_ACTIVE_COMPILATION_CONDITIONS = DEBUG;
				SWIFT_OPTIMIZATION_LEVEL = "-Onone";
			};
			name = Debug;
		};
		C767D57F23BE55BB00B61A37 /* Release */ = {
			isa = XCBuildConfiguration;
			buildSettings = {
				ALWAYS_SEARCH_USER_PATHS = NO;
				CLANG_ANALYZER_NONNULL = YES;
				CLANG_ANALYZER_NUMBER_OBJECT_CONVERSION = YES_AGGRESSIVE;
				CLANG_CXX_LANGUAGE_STANDARD = "gnu++14";
				CLANG_CXX_LIBRARY = "libc++";
				CLANG_ENABLE_MODULES = YES;
				CLANG_ENABLE_OBJC_ARC = YES;
				CLANG_ENABLE_OBJC_WEAK = YES;
				CLANG_WARN_BLOCK_CAPTURE_AUTORELEASING = YES;
				CLANG_WARN_BOOL_CONVERSION = YES;
				CLANG_WARN_COMMA = YES;
				CLANG_WARN_CONSTANT_CONVERSION = YES;
				CLANG_WARN_DEPRECATED_OBJC_IMPLEMENTATIONS = YES;
				CLANG_WARN_DIRECT_OBJC_ISA_USAGE = YES_ERROR;
				CLANG_WARN_DOCUMENTATION_COMMENTS = YES;
				CLANG_WARN_EMPTY_BODY = YES;
				CLANG_WARN_ENUM_CONVERSION = YES;
				CLANG_WARN_INFINITE_RECURSION = YES;
				CLANG_WARN_INT_CONVERSION = YES;
				CLANG_WARN_NON_LITERAL_NULL_CONVERSION = YES;
				CLANG_WARN_OBJC_IMPLICIT_RETAIN_SELF = YES;
				CLANG_WARN_OBJC_LITERAL_CONVERSION = YES;
				CLANG_WARN_OBJC_ROOT_CLASS = YES_ERROR;
				CLANG_WARN_RANGE_LOOP_ANALYSIS = YES;
				CLANG_WARN_STRICT_PROTOTYPES = YES;
				CLANG_WARN_SUSPICIOUS_MOVE = YES;
				CLANG_WARN_UNGUARDED_AVAILABILITY = YES_AGGRESSIVE;
				CLANG_WARN_UNREACHABLE_CODE = YES;
				CLANG_WARN__DUPLICATE_METHOD_MATCH = YES;
				COPY_PHASE_STRIP = NO;
				DEBUG_INFORMATION_FORMAT = "dwarf-with-dsym";
				ENABLE_NS_ASSERTIONS = NO;
				ENABLE_STRICT_OBJC_MSGSEND = YES;
				GCC_C_LANGUAGE_STANDARD = gnu11;
				GCC_NO_COMMON_BLOCKS = YES;
				GCC_WARN_64_TO_32_BIT_CONVERSION = YES;
				GCC_WARN_ABOUT_RETURN_TYPE = YES_ERROR;
				GCC_WARN_UNDECLARED_SELECTOR = YES;
				GCC_WARN_UNINITIALIZED_AUTOS = YES_AGGRESSIVE;
				GCC_WARN_UNUSED_FUNCTION = YES;
				GCC_WARN_UNUSED_VARIABLE = YES;
				IPHONEOS_DEPLOYMENT_TARGET = 13.2;
				MTL_ENABLE_DEBUG_INFO = NO;
				MTL_FAST_MATH = YES;
				SDKROOT = iphoneos;
				SWIFT_COMPILATION_MODE = wholemodule;
				SWIFT_OPTIMIZATION_LEVEL = "-O";
				VALIDATE_PRODUCT = YES;
			};
			name = Release;
		};
		C767D58123BE55BB00B61A37 /* Debug */ = {
			isa = XCBuildConfiguration;
			buildSettings = {
				ASSETCATALOG_COMPILER_APPICON_NAME = AppIcon;
				CODE_SIGN_STYLE = Automatic;
				DEVELOPMENT_ASSET_PATHS = "\"CalculatorSwiftUILBTA/Preview Content\"";
				DEVELOPMENT_TEAM = TU4944T6UG;
				ENABLE_PREVIEWS = YES;
				INFOPLIST_FILE = CalculatorSwiftUILBTA/Info.plist;
				LD_RUNPATH_SEARCH_PATHS = (
					"$(inherited)",
					"@executable_path/Frameworks",
				);
				PRODUCT_BUNDLE_IDENTIFIER = com.app.CalculatorSwiftUILBTA;
				PRODUCT_NAME = "$(TARGET_NAME)";
				SWIFT_VERSION = 5.0;
				TARGETED_DEVICE_FAMILY = "1,2";
			};
			name = Debug;
		};
		C767D58223BE55BB00B61A37 /* Release */ = {
			isa = XCBuildConfiguration;
			buildSettings = {
				ASSETCATALOG_COMPILER_APPICON_NAME = AppIcon;
				CODE_SIGN_STYLE = Automatic;
				DEVELOPMENT_ASSET_PATHS = "\"CalculatorSwiftUILBTA/Preview Content\"";
				DEVELOPMENT_TEAM = TU4944T6UG;
				ENABLE_PREVIEWS = YES;
				INFOPLIST_FILE = CalculatorSwiftUILBTA/Info.plist;
				LD_RUNPATH_SEARCH_PATHS = (
					"$(inherited)",
					"@executable_path/Frameworks",
				);
				PRODUCT_BUNDLE_IDENTIFIER = com.app.CalculatorSwiftUILBTA;
				PRODUCT_NAME = "$(TARGET_NAME)";
				SWIFT_VERSION = 5.0;
				TARGETED_DEVICE_FAMILY = "1,2";
			};
			name = Release;
		};
/* End XCBuildConfiguration section */

/* Begin XCConfigurationList section */
		C767D56723BE55BA00B61A37 /* Build configuration list for PBXProject "CalculatorSwiftUILBTA" */ = {
			isa = XCConfigurationList;
			buildConfigurations = (
				C767D57E23BE55BB00B61A37 /* Debug */,
				C767D57F23BE55BB00B61A37 /* Release */,
			);
			defaultConfigurationIsVisible = 0;
			defaultConfigurationName = Release;
		};
		C767D58023BE55BB00B61A37 /* Build configuration list for PBXNativeTarget "CalculatorSwiftUILBTA" */ = {
			isa = XCConfigurationList;
			buildConfigurations = (
				C767D58123BE55BB00B61A37 /* Debug */,
				C767D58223BE55BB00B61A37 /* Release */,
			);
			defaultConfigurationIsVisible = 0;
			defaultConfigurationName = Release;
		};
/* End XCConfigurationList section */
	};
	rootObject = C767D56423BE55BA00B61A37 /* Project object */;
}
